// !$*UTF8*$!
{
	archiveVersion = 1;
	classes = {
	};
	objectVersion = 50;
	objects = {

/* Begin PBXBuildFile section */
		424AAEE621C4655A0000F717 /* Item.swift in Sources */ = {isa = PBXBuildFile; fileRef = 424AAEE521C4655A0000F717 /* Item.swift */; };
		424AAEE821C465680000F717 /* Category.swift in Sources */ = {isa = PBXBuildFile; fileRef = 424AAEE721C465680000F717 /* Category.swift */; };
		4256F22A21BEF0E700FEDEE8 /* AppDelegate.swift in Sources */ = {isa = PBXBuildFile; fileRef = 4256F22921BEF0E700FEDEE8 /* AppDelegate.swift */; };
		4256F22C21BEF0E700FEDEE8 /* TodoListViewController.swift in Sources */ = {isa = PBXBuildFile; fileRef = 4256F22B21BEF0E700FEDEE8 /* TodoListViewController.swift */; };
		4256F22F21BEF0E700FEDEE8 /* Main.storyboard in Resources */ = {isa = PBXBuildFile; fileRef = 4256F22D21BEF0E700FEDEE8 /* Main.storyboard */; };
		4256F23121BEF0EB00FEDEE8 /* Assets.xcassets in Resources */ = {isa = PBXBuildFile; fileRef = 4256F23021BEF0EB00FEDEE8 /* Assets.xcassets */; };
		4256F23421BEF0EB00FEDEE8 /* LaunchScreen.storyboard in Resources */ = {isa = PBXBuildFile; fileRef = 4256F23221BEF0EB00FEDEE8 /* LaunchScreen.storyboard */; };
		42A2711221C1898C0084A553 /* CategoryViewController.swift in Sources */ = {isa = PBXBuildFile; fileRef = 42A2711121C1898C0084A553 /* CategoryViewController.swift */; };
		C94AFF622F9BC36E209EC16D /* Pods_Todoey.framework in Frameworks */ = {isa = PBXBuildFile; fileRef = 64C65F7630ED113BD1934187 /* Pods_Todoey.framework */; };
/* End PBXBuildFile section */

/* Begin PBXFileReference section */
		424AAEE521C4655A0000F717 /* Item.swift */ = {isa = PBXFileReference; lastKnownFileType = sourcecode.swift; path = Item.swift; sourceTree = "<group>"; };
		424AAEE721C465680000F717 /* Category.swift */ = {isa = PBXFileReference; lastKnownFileType = sourcecode.swift; path = Category.swift; sourceTree = "<group>"; };
		4256F22621BEF0E700FEDEE8 /* Todoey.app */ = {isa = PBXFileReference; explicitFileType = wrapper.application; includeInIndex = 0; path = Todoey.app; sourceTree = BUILT_PRODUCTS_DIR; };
		4256F22921BEF0E700FEDEE8 /* AppDelegate.swift */ = {isa = PBXFileReference; lastKnownFileType = sourcecode.swift; path = AppDelegate.swift; sourceTree = "<group>"; };
		4256F22B21BEF0E700FEDEE8 /* TodoListViewController.swift */ = {isa = PBXFileReference; lastKnownFileType = sourcecode.swift; path = TodoListViewController.swift; sourceTree = "<group>"; };
		4256F22E21BEF0E700FEDEE8 /* Base */ = {isa = PBXFileReference; lastKnownFileType = file.storyboard; name = Base; path = Base.lproj/Main.storyboard; sourceTree = "<group>"; };
		4256F23021BEF0EB00FEDEE8 /* Assets.xcassets */ = {isa = PBXFileReference; lastKnownFileType = folder.assetcatalog; path = Assets.xcassets; sourceTree = "<group>"; };
		4256F23321BEF0EB00FEDEE8 /* Base */ = {isa = PBXFileReference; lastKnownFileType = file.storyboard; name = Base; path = Base.lproj/LaunchScreen.storyboard; sourceTree = "<group>"; };
		4256F23521BEF0EB00FEDEE8 /* Info.plist */ = {isa = PBXFileReference; lastKnownFileType = text.plist.xml; path = Info.plist; sourceTree = "<group>"; };
		42A2711121C1898C0084A553 /* CategoryViewController.swift */ = {isa = PBXFileReference; lastKnownFileType = sourcecode.swift; path = CategoryViewController.swift; sourceTree = "<group>"; };
		574E3FC24016255529D727B9 /* Pods-Todoey.release.xcconfig */ = {isa = PBXFileReference; includeInIndex = 1; lastKnownFileType = text.xcconfig; name = "Pods-Todoey.release.xcconfig"; path = "Pods/Target Support Files/Pods-Todoey/Pods-Todoey.release.xcconfig"; sourceTree = "<group>"; };
		58CC20673F9B4BC4DB80F521 /* Pods-Todoey.debug.xcconfig */ = {isa = PBXFileReference; includeInIndex = 1; lastKnownFileType = text.xcconfig; name = "Pods-Todoey.debug.xcconfig"; path = "Pods/Target Support Files/Pods-Todoey/Pods-Todoey.debug.xcconfig"; sourceTree = "<group>"; };
		64C65F7630ED113BD1934187 /* Pods_Todoey.framework */ = {isa = PBXFileReference; explicitFileType = wrapper.framework; includeInIndex = 0; path = Pods_Todoey.framework; sourceTree = BUILT_PRODUCTS_DIR; };
/* End PBXFileReference section */

/* Begin PBXFrameworksBuildPhase section */
		4256F22321BEF0E700FEDEE8 /* Frameworks */ = {
			isa = PBXFrameworksBuildPhase;
			buildActionMask = 2147483647;
			files = (
				C94AFF622F9BC36E209EC16D /* Pods_Todoey.framework in Frameworks */,
			);
			runOnlyForDeploymentPostprocessing = 0;
		};
/* End PBXFrameworksBuildPhase section */

/* Begin PBXGroup section */
		4256F21D21BEF0E700FEDEE8 = {
			isa = PBXGroup;
			children = (
				4256F22821BEF0E700FEDEE8 /* Todoey */,
				4256F22721BEF0E700FEDEE8 /* Products */,
				C261F969D9D3CE6CA4C22198 /* Pods */,
				ABBF779661C6CFE0BF799CA1 /* Frameworks */,
			);
			sourceTree = "<group>";
		};
		4256F22721BEF0E700FEDEE8 /* Products */ = {
			isa = PBXGroup;
			children = (
				4256F22621BEF0E700FEDEE8 /* Todoey.app */,
			);
			name = Products;
			sourceTree = "<group>";
		};
		4256F22821BEF0E700FEDEE8 /* Todoey */ = {
			isa = PBXGroup;
			children = (
				4256F22921BEF0E700FEDEE8 /* AppDelegate.swift */,
				42A270E721C028830084A553 /* Model */,
				42A270EB21C0295A0084A553 /* Views */,
				42A270EA21C029280084A553 /* Controllers */,
				42A270EC21C029650084A553 /* Supporting Files */,
				4256F23521BEF0EB00FEDEE8 /* Info.plist */,
			);
			path = Todoey;
			sourceTree = "<group>";
		};
		42A270E721C028830084A553 /* Model */ = {
			isa = PBXGroup;
			children = (
				424AAEE521C4655A0000F717 /* Item.swift */,
				424AAEE721C465680000F717 /* Category.swift */,
			);
			path = Model;
			sourceTree = "<group>";
		};
		42A270EA21C029280084A553 /* Controllers */ = {
			isa = PBXGroup;
			children = (
				42A2711121C1898C0084A553 /* CategoryViewController.swift */,
				4256F22B21BEF0E700FEDEE8 /* TodoListViewController.swift */,
			);
			path = Controllers;
			sourceTree = "<group>";
		};
		42A270EB21C0295A0084A553 /* Views */ = {
			isa = PBXGroup;
			children = (
				4256F22D21BEF0E700FEDEE8 /* Main.storyboard */,
			);
			path = Views;
			sourceTree = "<group>";
		};
		42A270EC21C029650084A553 /* Supporting Files */ = {
			isa = PBXGroup;
			children = (
				4256F23021BEF0EB00FEDEE8 /* Assets.xcassets */,
				4256F23221BEF0EB00FEDEE8 /* LaunchScreen.storyboard */,
			);
			path = "Supporting Files";
			sourceTree = "<group>";
		};
		ABBF779661C6CFE0BF799CA1 /* Frameworks */ = {
			isa = PBXGroup;
			children = (
				64C65F7630ED113BD1934187 /* Pods_Todoey.framework */,
			);
			name = Frameworks;
			sourceTree = "<group>";
		};
		C261F969D9D3CE6CA4C22198 /* Pods */ = {
			isa = PBXGroup;
			children = (
				58CC20673F9B4BC4DB80F521 /* Pods-Todoey.debug.xcconfig */,
				574E3FC24016255529D727B9 /* Pods-Todoey.release.xcconfig */,
			);
			name = Pods;
			sourceTree = "<group>";
		};
/* End PBXGroup section */

/* Begin PBXNativeTarget section */
		4256F22521BEF0E700FEDEE8 /* Todoey */ = {
			isa = PBXNativeTarget;
			buildConfigurationList = 4256F23821BEF0EB00FEDEE8 /* Build configuration list for PBXNativeTarget "Todoey" */;
			buildPhases = (
				29FD840DEAA56ABEEDE9A152 /* [CP] Check Pods Manifest.lock */,
				4256F22221BEF0E700FEDEE8 /* Sources */,
				4256F22321BEF0E700FEDEE8 /* Frameworks */,
				4256F22421BEF0E700FEDEE8 /* Resources */,
				35A93E56B6D6B23690BA15BB /* [CP] Embed Pods Frameworks */,
			);
			buildRules = (
			);
			dependencies = (
			);
			name = Todoey;
			productName = Todoey;
			productReference = 4256F22621BEF0E700FEDEE8 /* Todoey.app */;
			productType = "com.apple.product-type.application";
		};
/* End PBXNativeTarget section */

/* Begin PBXProject section */
		4256F21E21BEF0E700FEDEE8 /* Project object */ = {
			isa = PBXProject;
			attributes = {
				LastSwiftUpdateCheck = 1010;
				LastUpgradeCheck = 1010;
				ORGANIZATIONNAME = "DAVID BARLOW";
				TargetAttributes = {
					4256F22521BEF0E700FEDEE8 = {
						CreatedOnToolsVersion = 10.1;
					};
				};
			};
			buildConfigurationList = 4256F22121BEF0E700FEDEE8 /* Build configuration list for PBXProject "Todoey" */;
			compatibilityVersion = "Xcode 9.3";
			developmentRegion = en;
			hasScannedForEncodings = 0;
			knownRegions = (
				en,
				Base,
			);
			mainGroup = 4256F21D21BEF0E700FEDEE8;
			productRefGroup = 4256F22721BEF0E700FEDEE8 /* Products */;
			projectDirPath = "";
			projectRoot = "";
			targets = (
				4256F22521BEF0E700FEDEE8 /* Todoey */,
			);
		};
/* End PBXProject section */

/* Begin PBXResourcesBuildPhase section */
		4256F22421BEF0E700FEDEE8 /* Resources */ = {
			isa = PBXResourcesBuildPhase;
			buildActionMask = 2147483647;
			files = (
				4256F23421BEF0EB00FEDEE8 /* LaunchScreen.storyboard in Resources */,
				4256F23121BEF0EB00FEDEE8 /* Assets.xcassets in Resources */,
				4256F22F21BEF0E700FEDEE8 /* Main.storyboard in Resources */,
			);
			runOnlyForDeploymentPostprocessing = 0;
		};
/* End PBXResourcesBuildPhase section */

/* Begin PBXShellScriptBuildPhase section */
		29FD840DEAA56ABEEDE9A152 /* [CP] Check Pods Manifest.lock */ = {
			isa = PBXShellScriptBuildPhase;
			buildActionMask = 2147483647;
			files = (
			);
			inputFileListPaths = (
			);
			inputPaths = (
				"${PODS_PODFILE_DIR_PATH}/Podfile.lock",
				"${PODS_ROOT}/Manifest.lock",
			);
			name = "[CP] Check Pods Manifest.lock";
			outputFileListPaths = (
			);
			outputPaths = (
				"$(DERIVED_FILE_DIR)/Pods-Todoey-checkManifestLockResult.txt",
			);
			runOnlyForDeploymentPostprocessing = 0;
			shellPath = /bin/sh;
			shellScript = "diff \"${PODS_PODFILE_DIR_PATH}/Podfile.lock\" \"${PODS_ROOT}/Manifest.lock\" > /dev/null\nif [ $? != 0 ] ; then\n    # print error to STDERR\n    echo \"error: The sandbox is not in sync with the Podfile.lock. Run 'pod install' or update your CocoaPods installation.\" >&2\n    exit 1\nfi\n# This output is used by Xcode 'outputs' to avoid re-running this script phase.\necho \"SUCCESS\" > \"${SCRIPT_OUTPUT_FILE_0}\"\n";
			showEnvVarsInLog = 0;
		};
		35A93E56B6D6B23690BA15BB /* [CP] Embed Pods Frameworks */ = {
			isa = PBXShellScriptBuildPhase;
			buildActionMask = 2147483647;
			files = (
			);
			inputFileListPaths = (
			);
			inputPaths = (
				"${SRCROOT}/Pods/Target Support Files/Pods-Todoey/Pods-Todoey-frameworks.sh",
				"${BUILT_PRODUCTS_DIR}/Realm/Realm.framework",
				"${BUILT_PRODUCTS_DIR}/RealmSwift/RealmSwift.framework",
			);
			name = "[CP] Embed Pods Frameworks";
			outputFileListPaths = (
			);
			outputPaths = (
				"${TARGET_BUILD_DIR}/${FRAMEWORKS_FOLDER_PATH}/Realm.framework",
				"${TARGET_BUILD_DIR}/${FRAMEWORKS_FOLDER_PATH}/RealmSwift.framework",
			);
			runOnlyForDeploymentPostprocessing = 0;
			shellPath = /bin/sh;
			shellScript = "\"${SRCROOT}/Pods/Target Support Files/Pods-Todoey/Pods-Todoey-frameworks.sh\"\n";
			showEnvVarsInLog = 0;
		};
/* End PBXShellScriptBuildPhase section */

/* Begin PBXSourcesBuildPhase section */
		4256F22221BEF0E700FEDEE8 /* Sources */ = {
			isa = PBXSourcesBuildPhase;
			buildActionMask = 2147483647;
			files = (
				424AAEE621C4655A0000F717 /* Item.swift in Sources */,
				4256F22C21BEF0E700FEDEE8 /* TodoListViewController.swift in Sources */,
				42A2711221C1898C0084A553 /* CategoryViewController.swift in Sources */,
				4256F22A21BEF0E700FEDEE8 /* AppDelegate.swift in Sources */,
				424AAEE821C465680000F717 /* Category.swift in Sources */,
			);
			runOnlyForDeploymentPostprocessing = 0;
		};
/* End PBXSourcesBuildPhase section */

/* Begin PBXVariantGroup section */
		4256F22D21BEF0E700FEDEE8 /* Main.storyboard */ = {
			isa = PBXVariantGroup;
			children = (
				4256F22E21BEF0E700FEDEE8 /* Base */,
			);
			name = Main.storyboard;
			sourceTree = "<group>";
		};
		4256F23221BEF0EB00FEDEE8 /* LaunchScreen.storyboard */ = {
			isa = PBXVariantGroup;
			children = (
				4256F23321BEF0EB00FEDEE8 /* Base */,
			);
			name = LaunchScreen.storyboard;
			sourceTree = "<group>";
		};
/* End PBXVariantGroup section */

/* Begin XCBuildConfiguration section */
		4256F23621BEF0EB00FEDEE8 /* Debug */ = {
			isa = XCBuildConfiguration;
			buildSettings = {
				ALWAYS_SEARCH_USER_PATHS = NO;
				CLANG_ANALYZER_NONNULL = YES;
				CLANG_ANALYZER_NUMBER_OBJECT_CONVERSION = YES_AGGRESSIVE;
				CLANG_CXX_LANGUAGE_STANDARD = "gnu++14";
				CLANG_CXX_LIBRARY = "libc++";
				CLANG_ENABLE_MODULES = YES;
				CLANG_ENABLE_OBJC_ARC = YES;
				CLANG_ENABLE_OBJC_WEAK = YES;
				CLANG_WARN_BLOCK_CAPTURE_AUTORELEASING = YES;
				CLANG_WARN_BOOL_CONVERSION = YES;
				CLANG_WARN_COMMA = YES;
				CLANG_WARN_CONSTANT_CONVERSION = YES;
				CLANG_WARN_DEPRECATED_OBJC_IMPLEMENTATIONS = YES;
				CLANG_WARN_DIRECT_OBJC_ISA_USAGE = YES_ERROR;
				CLANG_WARN_DOCUMENTATION_COMMENTS = YES;
				CLANG_WARN_EMPTY_BODY = YES;
				CLANG_WARN_ENUM_CONVERSION = YES;
				CLANG_WARN_INFINITE_RECURSION = YES;
				CLANG_WARN_INT_CONVERSION = YES;
				CLANG_WARN_NON_LITERAL_NULL_CONVERSION = YES;
				CLANG_WARN_OBJC_IMPLICIT_RETAIN_SELF = YES;
				CLANG_WARN_OBJC_LITERAL_CONVERSION = YES;
				CLANG_WARN_OBJC_ROOT_CLASS = YES_ERROR;
				CLANG_WARN_RANGE_LOOP_ANALYSIS = YES;
				CLANG_WARN_STRICT_PROTOTYPES = YES;
				CLANG_WARN_SUSPICIOUS_MOVE = YES;
				CLANG_WARN_UNGUARDED_AVAILABILITY = YES_AGGRESSIVE;
				CLANG_WARN_UNREACHABLE_CODE = YES;
				CLANG_WARN__DUPLICATE_METHOD_MATCH = YES;
				CODE_SIGN_IDENTITY = "iPhone Developer";
				COPY_PHASE_STRIP = NO;
				DEBUG_INFORMATION_FORMAT = dwarf;
				ENABLE_STRICT_OBJC_MSGSEND = YES;
				ENABLE_TESTABILITY = YES;
				GCC_C_LANGUAGE_STANDARD = gnu11;
				GCC_DYNAMIC_NO_PIC = NO;
				GCC_NO_COMMON_BLOCKS = YES;
				GCC_OPTIMIZATION_LEVEL = 0;
				GCC_PREPROCESSOR_DEFINITIONS = (
					"DEBUG=1",
					"$(inherited)",
				);
				GCC_WARN_64_TO_32_BIT_CONVERSION = YES;
				GCC_WARN_ABOUT_RETURN_TYPE = YES_ERROR;
				GCC_WARN_UNDECLARED_SELECTOR = YES;
				GCC_WARN_UNINITIALIZED_AUTOS = YES_AGGRESSIVE;
				GCC_WARN_UNUSED_FUNCTION = YES;
				GCC_WARN_UNUSED_VARIABLE = YES;
				IPHONEOS_DEPLOYMENT_TARGET = 12.1;
				MTL_ENABLE_DEBUG_INFO = INCLUDE_SOURCE;
				MTL_FAST_MATH = YES;
				ONLY_ACTIVE_ARCH = YES;
				SDKROOT = iphoneos;
				SWIFT_ACTIVE_COMPILATION_CONDITIONS = DEBUG;
				SWIFT_OPTIMIZATION_LEVEL = "-Onone";
			};
			name = Debug;
		};
		4256F23721BEF0EB00FEDEE8 /* Release */ = {
			isa = XCBuildConfiguration;
			buildSettings = {
				ALWAYS_SEARCH_USER_PATHS = NO;
				CLANG_ANALYZER_NONNULL = YES;
				CLANG_ANALYZER_NUMBER_OBJECT_CONVERSION = YES_AGGRESSIVE;
				CLANG_CXX_LANGUAGE_STANDARD = "gnu++14";
				CLANG_CXX_LIBRARY = "libc++";
				CLANG_ENABLE_MODULES = YES;
				CLANG_ENABLE_OBJC_ARC = YES;
				CLANG_ENABLE_OBJC_WEAK = YES;
				CLANG_WARN_BLOCK_CAPTURE_AUTORELEASING = YES;
				CLANG_WARN_BOOL_CONVERSION = YES;
				CLANG_WARN_COMMA = YES;
				CLANG_WARN_CONSTANT_CONVERSION = YES;
				CLANG_WARN_DEPRECATED_OBJC_IMPLEMENTATIONS = YES;
				CLANG_WARN_DIRECT_OBJC_ISA_USAGE = YES_ERROR;
				CLANG_WARN_DOCUMENTATION_COMMENTS = YES;
				CLANG_WARN_EMPTY_BODY = YES;
				CLANG_WARN_ENUM_CONVERSION = YES;
				CLANG_WARN_INFINITE_RECURSION = YES;
				CLANG_WARN_INT_CONVERSION = YES;
				CLANG_WARN_NON_LITERAL_NULL_CONVERSION = YES;
				CLANG_WARN_OBJC_IMPLICIT_RETAIN_SELF = YES;
				CLANG_WARN_OBJC_LITERAL_CONVERSION = YES;
				CLANG_WARN_OBJC_ROOT_CLASS = YES_ERROR;
				CLANG_WARN_RANGE_LOOP_ANALYSIS = YES;
				CLANG_WARN_STRICT_PROTOTYPES = YES;
				CLANG_WARN_SUSPICIOUS_MOVE = YES;
				CLANG_WARN_UNGUARDED_AVAILABILITY = YES_AGGRESSIVE;
				CLANG_WARN_UNREACHABLE_CODE = YES;
				CLANG_WARN__DUPLICATE_METHOD_MATCH = YES;
				CODE_SIGN_IDENTITY = "iPhone Developer";
				COPY_PHASE_STRIP = NO;
				DEBUG_INFORMATION_FORMAT = "dwarf-with-dsym";
				ENABLE_NS_ASSERTIONS = NO;
				ENABLE_STRICT_OBJC_MSGSEND = YES;
				GCC_C_LANGUAGE_STANDARD = gnu11;
				GCC_NO_COMMON_BLOCKS = YES;
				GCC_WARN_64_TO_32_BIT_CONVERSION = YES;
				GCC_WARN_ABOUT_RETURN_TYPE = YES_ERROR;
				GCC_WARN_UNDECLARED_SELECTOR = YES;
				GCC_WARN_UNINITIALIZED_AUTOS = YES_AGGRESSIVE;
				GCC_WARN_UNUSED_FUNCTION = YES;
				GCC_WARN_UNUSED_VARIABLE = YES;
				IPHONEOS_DEPLOYMENT_TARGET = 12.1;
				MTL_ENABLE_DEBUG_INFO = NO;
				MTL_FAST_MATH = YES;
				SDKROOT = iphoneos;
				SWIFT_COMPILATION_MODE = wholemodule;
				SWIFT_OPTIMIZATION_LEVEL = "-O";
				VALIDATE_PRODUCT = YES;
			};
			name = Release;
		};
		4256F23921BEF0EB00FEDEE8 /* Debug */ = {
			isa = XCBuildConfiguration;
			baseConfigurationReference = 58CC20673F9B4BC4DB80F521 /* Pods-Todoey.debug.xcconfig */;
			buildSettings = {
				ASSETCATALOG_COMPILER_APPICON_NAME = AppIcon;
				CODE_SIGN_STYLE = Automatic;
				DEVELOPMENT_TEAM = KS4PVMNY23;
				INFOPLIST_FILE = Todoey/Info.plist;
				LD_RUNPATH_SEARCH_PATHS = (
					"$(inherited)",
					"@executable_path/Frameworks",
				);
				PRODUCT_BUNDLE_IDENTIFIER = com.davidrbarlow.Todoey;
				PRODUCT_NAME = "$(TARGET_NAME)";
				SWIFT_VERSION = 4.2;
				TARGETED_DEVICE_FAMILY = "1,2";
			};
			name = Debug;
		};
		4256F23A21BEF0EB00FEDEE8 /* Release */ = {
			isa = XCBuildConfiguration;
			baseConfigurationReference = 574E3FC24016255529D727B9 /* Pods-Todoey.release.xcconfig */;
			buildSettings = {
				ASSETCATALOG_COMPILER_APPICON_NAME = AppIcon;
				CODE_SIGN_STYLE = Automatic;
				DEVELOPMENT_TEAM = KS4PVMNY23;
				INFOPLIST_FILE = Todoey/Info.plist;
				LD_RUNPATH_SEARCH_PATHS = (
					"$(inherited)",
					"@executable_path/Frameworks",
				);
				PRODUCT_BUNDLE_IDENTIFIER = com.davidrbarlow.Todoey;
				PRODUCT_NAME = "$(TARGET_NAME)";
				SWIFT_VERSION = 4.2;
				TARGETED_DEVICE_FAMILY = "1,2";
			};
			name = Release;
		};
/* End XCBuildConfiguration section */

/* Begin XCConfigurationList section */
		4256F22121BEF0E700FEDEE8 /* Build configuration list for PBXProject "Todoey" */ = {
			isa = XCConfigurationList;
			buildConfigurations = (
				4256F23621BEF0EB00FEDEE8 /* Debug */,
				4256F23721BEF0EB00FEDEE8 /* Release */,
			);
			defaultConfigurationIsVisible = 0;
			defaultConfigurationName = Release;
		};
		4256F23821BEF0EB00FEDEE8 /* Build configuration list for PBXNativeTarget "Todoey" */ = {
			isa = XCConfigurationList;
			buildConfigurations = (
				4256F23921BEF0EB00FEDEE8 /* Debug */,
				4256F23A21BEF0EB00FEDEE8 /* Release */,
			);
			defaultConfigurationIsVisible = 0;
			defaultConfigurationName = Release;
		};
/* End XCConfigurationList section */
	};
	rootObject = 4256F21E21BEF0E700FEDEE8 /* Project object */;
}
